
Microsoft Visual Studio Solution File, Format Version 12.00
# Visual Studio Version 17
VisualStudioVersion = 17.14.35806.103 d17.14
MinimumVisualStudioVersion = 10.0.40219.1
Project("{FAE04EC0-301F-11D3-BF4B-00C04F79EFBC}") = "WpfMatchFiles", "WpfMatchFiles.csproj", "{399FF5BC-1954-43FC-B783-EF85E7334E09}"
EndProject
Global
	GlobalSection(SolutionConfigurationPlatforms) = preSolution
		Debug|Any CPU = Debug|Any CPU
		Release|Any CPU = Release|Any CPU
	EndGlobalSection
	GlobalSection(ProjectConfigurationPlatforms) = postSolution
		{399FF5BC-1954-43FC-B783-EF85E7334E09}.Debug|Any CPU.ActiveCfg = Debug|Any CPU
		{399FF5BC-1954-43FC-B783-EF85E7334E09}.Debug|Any CPU.Build.0 = Debug|Any CPU
		{399FF5BC-1954-43FC-B783-EF85E7334E09}.Release|Any CPU.ActiveCfg = Release|Any CPU
		{399FF5BC-1954-43FC-B783-EF85E7334E09}.Release|Any CPU.Build.0 = Release|Any CPU
	EndGlobalSection
	GlobalSection(SolutionProperties) = preSolution
		HideSolutionNode = FALSE
	EndGlobalSection
	GlobalSection(ExtensibilityGlobals) = postSolution
		SolutionGuid = {FF0C0255-920E-4D5E-9131-DF6E61F04C45}
	EndGlobalSection
EndGlobal
