
Microsoft Visual Studio Solution File, Format Version 12.00
# Visual Studio Version 17
VisualStudioVersion = 17.14.35806.103 d17.14
MinimumVisualStudioVersion = 10.0.40219.1
Project("{FAE04EC0-301F-11D3-BF4B-00C04F79EFBC}") = "ConsoleCsv", "ConsoleCsv.csproj", "{17F662B7-8146-4A09-9276-A05E9AFE336A}"
EndProject
Global
	GlobalSection(SolutionConfigurationPlatforms) = preSolution
		Debug|Any CPU = Debug|Any CPU
		Release|Any CPU = Release|Any CPU
	EndGlobalSection
	GlobalSection(ProjectConfigurationPlatforms) = postSolution
		{17F662B7-8146-4A09-9276-A05E9AFE336A}.Debug|Any CPU.ActiveCfg = Debug|Any CPU
		{17F662B7-8146-4A09-9276-A05E9AFE336A}.Debug|Any CPU.Build.0 = Debug|Any CPU
		{17F662B7-8146-4A09-9276-A05E9AFE336A}.Release|Any CPU.ActiveCfg = Release|Any CPU
		{17F662B7-8146-4A09-9276-A05E9AFE336A}.Release|Any CPU.Build.0 = Release|Any CPU
	EndGlobalSection
	GlobalSection(SolutionProperties) = preSolution
		HideSolutionNode = FALSE
	EndGlobalSection
	GlobalSection(ExtensibilityGlobals) = postSolution
		SolutionGuid = {3D76653E-9700-4828-B8EE-2FB023761C20}
	EndGlobalSection
EndGlobal
