
Microsoft Visual Studio Solution File, Format Version 12.00
# Visual Studio Version 17
VisualStudioVersion = 17.0.31912.275
MinimumVisualStudioVersion = 10.0.40219.1
Project("{2150E333-8FDC-42A3-9474-1A3956D46DE8}") = "Solution Items", "Solution Items", "{7E572ACA-748F-4422-B59B-53A965F601F5}"
	ProjectSection(SolutionItems) = preProject
		.editorconfig = .editorconfig
	EndProjectSection
EndProject
Project("{FAE04EC0-301F-11D3-BF4B-00C04F79EFBC}") = "ConsoleComplexiteit", "ConsoleComplexiteit\ConsoleComplexiteit.csproj", "{276A5D9B-A441-4638-B27E-264ACA5D4DBA}"
EndProject
Project("{9A19103F-16F7-4668-BE54-9A1E7A4F7556}") = "WpfComplexiteit", "WpfComplexiteit\WpfComplexiteit.csproj", "{BDC7AF11-08BC-4018-8943-55F68EECB70A}"
EndProject
Project("{FAE04EC0-301F-11D3-BF4B-00C04F79EFBC}") = "WpfTaken", "WpfTaken\WpfTaken.csproj", "{77B19FAC-C7A4-417F-8709-792F36B1BD53}"
EndProject
Global
	GlobalSection(SolutionConfigurationPlatforms) = preSolution
		Debug|Any CPU = Debug|Any CPU
		Release|Any CPU = Release|Any CPU
	EndGlobalSection
	GlobalSection(ProjectConfigurationPlatforms) = postSolution
		{276A5D9B-A441-4638-B27E-264ACA5D4DBA}.Debug|Any CPU.ActiveCfg = Debug|Any CPU
		{276A5D9B-A441-4638-B27E-264ACA5D4DBA}.Debug|Any CPU.Build.0 = Debug|Any CPU
		{276A5D9B-A441-4638-B27E-264ACA5D4DBA}.Release|Any CPU.ActiveCfg = Release|Any CPU
		{276A5D9B-A441-4638-B27E-264ACA5D4DBA}.Release|Any CPU.Build.0 = Release|Any CPU
		{BDC7AF11-08BC-4018-8943-55F68EECB70A}.Debug|Any CPU.ActiveCfg = Debug|Any CPU
		{BDC7AF11-08BC-4018-8943-55F68EECB70A}.Debug|Any CPU.Build.0 = Debug|Any CPU
		{BDC7AF11-08BC-4018-8943-55F68EECB70A}.Release|Any CPU.ActiveCfg = Release|Any CPU
		{BDC7AF11-08BC-4018-8943-55F68EECB70A}.Release|Any CPU.Build.0 = Release|Any CPU
		{77B19FAC-C7A4-417F-8709-792F36B1BD53}.Debug|Any CPU.ActiveCfg = Debug|Any CPU
		{77B19FAC-C7A4-417F-8709-792F36B1BD53}.Debug|Any CPU.Build.0 = Debug|Any CPU
		{77B19FAC-C7A4-417F-8709-792F36B1BD53}.Release|Any CPU.ActiveCfg = Release|Any CPU
		{77B19FAC-C7A4-417F-8709-792F36B1BD53}.Release|Any CPU.Build.0 = Release|Any CPU
	EndGlobalSection
	GlobalSection(SolutionProperties) = preSolution
		HideSolutionNode = FALSE
	EndGlobalSection
	GlobalSection(ExtensibilityGlobals) = postSolution
		SolutionGuid = {D2057836-93D3-42B2-B417-C462FBD4B347}
	EndGlobalSection
EndGlobal
